
Microsoft Visual Studio Solution File, Format Version 12.00
# Visual Studio Version 17
VisualStudioVersion = 17.5.33627.172
MinimumVisualStudioVersion = 10.0.40219.1
Project("{FAE04EC0-301F-11D3-BF4B-00C04F79EFBC}") = "HarmonyHomeMadeOnline", "HarmonyHomeMadeOnline\HarmonyHomeMadeOnline.csproj", "{19D8DF44-F7C9-461D-9FE0-4503006FA2A2}"
EndProject
Global
	GlobalSection(SolutionConfigurationPlatforms) = preSolution
		Debug|Any CPU = Debug|Any CPU
		Release|Any CPU = Release|Any CPU
	EndGlobalSection
	GlobalSection(ProjectConfigurationPlatforms) = postSolution
		{19D8DF44-F7C9-461D-9FE0-4503006FA2A2}.Debug|Any CPU.ActiveCfg = Debug|Any CPU
		{19D8DF44-F7C9-461D-9FE0-4503006FA2A2}.Debug|Any CPU.Build.0 = Debug|Any CPU
		{19D8DF44-F7C9-461D-9FE0-4503006FA2A2}.Release|Any CPU.ActiveCfg = Release|Any CPU
		{19D8DF44-F7C9-461D-9FE0-4503006FA2A2}.Release|Any CPU.Build.0 = Release|Any CPU
	EndGlobalSection
	GlobalSection(SolutionProperties) = preSolution
		HideSolutionNode = FALSE
	EndGlobalSection
	GlobalSection(ExtensibilityGlobals) = postSolution
		SolutionGuid = {7B326858-8B87-46C0-B601-63C8569AF0EB}
	EndGlobalSection
EndGlobal
